{
  "name": "spmt-ecosystem-core",
  "version": "0.8.0",
  "lockfileVersion": 3,
  "requires": true,
  "packages": {
    "": {
      "name": "spmt-ecosystem-core",
      "version": "0.8.0",
      "workspaces": [
        "packages/*",
        "apps/*"
      ],
      "devDependencies": {
        "@types/node": "^22.15.0",
        "typescript": "^5.9.2"
      }
    },
    "apps/chat-gateway": {
      "name": "@spmt/chat-gateway",
      "version": "0.1.0",
      "dependencies": {
        "@spmt/commlink-core": "0.1.0",
        "@spmt/contracts": "0.1.0",
        "@spmt/nebula-arcade": "0.1.0",
        "@spmt/sdk": "0.1.0",
        "@spmt/streamweaver": "0.1.0"
      }
    },
    "apps/commlink": {
      "name": "@spmt/commlink",
      "version": "0.1.0",
      "dependencies": {
        "@spmt/commlink-core": "0.1.0",
        "@spmt/contracts": "0.1.0"
      }
    },
    "apps/companion": {
      "name": "@spmt/companion",
      "version": "0.1.0",
      "dependencies": {
        "@spmt/contracts": "0.1.0",
        "@spmt/sdk": "0.1.0"
      }
    },
    "apps/discord-stream-hub": {
      "name": "@spmt/discord-stream-hub",
      "version": "0.1.0",
      "dependencies": {
        "@spmt/contracts": "0.1.0",
        "@spmt/nebula-arcade": "0.1.0",
        "@spmt/sdk": "0.1.0"
      }
    },
    "apps/hearmeout": {
      "name": "@spmt/hearmeout",
      "version": "0.1.0",
      "dependencies": {
        "@spmt/contracts": "0.1.0",
        "@spmt/sdk": "0.1.0"
      }
    },
    "apps/mission-control": {
      "name": "@spmt/mission-control",
      "version": "0.1.0",
      "dependencies": {
        "@spmt/contracts": "0.1.0"
      }
    },
    "apps/mountainview": {
      "name": "@spmt/mountainview",
      "version": "0.1.0",
      "dependencies": {
        "@spmt/contracts": "0.1.0",
        "@spmt/sdk": "0.1.0"
      }
    },
    "apps/nebula-arcade": {
      "name": "@spmt/nebula-arcade",
      "version": "0.1.0",
      "dependencies": {
        "@spmt/contracts": "0.1.0",
        "@spmt/sdk": "0.1.0",
        "@spmt/ui": "0.1.0"
      }
    },
    "apps/reference-app": {
      "name": "@spmt/reference-app",
      "version": "0.2.0",
      "dependencies": {
        "@spmt/contracts": "0.1.0",
        "@spmt/embed": "0.1.0",
        "@spmt/sdk": "0.1.0",
        "@spmt/ui": "0.1.0"
      }
    },
    "apps/spacemountain": {
      "name": "@spmt/spacemountain",
      "version": "0.2.0",
      "dependencies": {
        "@spmt/contracts": "0.1.0",
        "@spmt/embed": "0.1.0",
        "@spmt/sdk": "0.1.0",
        "@spmt/ui": "0.1.0"
      }
    },
    "apps/spacemountain-web": {
      "name": "@spmt/spacemountain-web",
      "version": "0.1.0",
      "dependencies": {
        "@spmt/contracts": "0.1.0",
        "@spmt/sdk": "0.1.0",
        "@spmt/spacemountain": "0.2.0",
        "@spmt/ui": "0.1.0"
      }
    },
    "apps/spmt-service": {
      "name": "@spmt/service",
      "version": "0.3.0",
      "dependencies": {
        "@spmt/account-recovery-core": "0.1.0",
        "@spmt/api-adapter": "0.3.0",
        "@spmt/auth-core": "0.1.0",
        "@spmt/authority-core": "0.2.0",
        "@spmt/authority-sqlite": "0.4.0",
        "@spmt/commlink-core": "0.1.0",
        "@spmt/control-core": "0.1.0",
        "@spmt/execution-core": "0.1.0",
        "@spmt/monetization": "0.1.0",
        "@spmt/outbox-core": "0.1.0",
        "@spmt/platform-data-core": "0.1.0",
        "@spmt/platform-data-sqlite": "0.1.0",
        "@spmt/platform-ops": "0.3.0",
        "@spmt/provider-grants-core": "0.1.0",
        "@spmt/runtime": "0.1.0",
        "@spmt/stellar-core": "0.1.0"
      }
    },
    "apps/stellar-core": {
      "name": "@spmt/stellar-core",
      "version": "0.1.0",
      "dependencies": {
        "@spmt/contracts": "0.1.0",
        "@spmt/execution-core": "0.1.0",
        "@spmt/platform-data-core": "0.1.0",
        "@spmt/sdk": "0.1.0"
      }
    },
    "apps/streamweaver": {
      "name": "@spmt/streamweaver",
      "version": "0.1.0",
      "dependencies": {
        "@spmt/app-foundation": "0.1.0",
        "@spmt/contracts": "0.1.0",
        "@spmt/discord-stream-hub": "0.1.0",
        "@spmt/sdk": "0.1.0"
      }
    },
    "node_modules/@spmt/account-recovery-core": {
      "resolved": "packages/account-recovery-core",
      "link": true
    },
    "node_modules/@spmt/api-adapter": {
      "resolved": "packages/api-adapter",
      "link": true
    },
    "node_modules/@spmt/app-foundation": {
      "resolved": "packages/app-foundation",
      "link": true
    },
    "node_modules/@spmt/auth-core": {
      "resolved": "packages/auth-core",
      "link": true
    },
    "node_modules/@spmt/authority-core": {
      "resolved": "packages/authority-core",
      "link": true
    },
    "node_modules/@spmt/authority-sqlite": {
      "resolved": "packages/authority-sqlite",
      "link": true
    },
    "node_modules/@spmt/chat-gateway": {
      "resolved": "apps/chat-gateway",
      "link": true
    },
    "node_modules/@spmt/cli": {
      "resolved": "packages/cli",
      "link": true
    },
    "node_modules/@spmt/commlink": {
      "resolved": "apps/commlink",
      "link": true
    },
    "node_modules/@spmt/commlink-core": {
      "resolved": "packages/commlink-core",
      "link": true
    },
    "node_modules/@spmt/companion": {
      "resolved": "apps/companion",
      "link": true
    },
    "node_modules/@spmt/contracts": {
      "resolved": "packages/contracts",
      "link": true
    },
    "node_modules/@spmt/control-core": {
      "resolved": "packages/control-core",
      "link": true
    },
    "node_modules/@spmt/discord-stream-hub": {
      "resolved": "apps/discord-stream-hub",
      "link": true
    },
    "node_modules/@spmt/embed": {
      "resolved": "packages/embed",
      "link": true
    },
    "node_modules/@spmt/execution-core": {
      "resolved": "packages/execution-core",
      "link": true
    },
    "node_modules/@spmt/hearmeout": {
      "resolved": "apps/hearmeout",
      "link": true
    },
    "node_modules/@spmt/mcp": {
      "resolved": "packages/mcp",
      "link": true
    },
    "node_modules/@spmt/mission-control": {
      "resolved": "apps/mission-control",
      "link": true
    },
    "node_modules/@spmt/monetization": {
      "resolved": "packages/monetization",
      "link": true
    },
    "node_modules/@spmt/mountainview": {
      "resolved": "apps/mountainview",
      "link": true
    },
    "node_modules/@spmt/nebula-arcade": {
      "resolved": "apps/nebula-arcade",
      "link": true
    },
    "node_modules/@spmt/outbox-core": {
      "resolved": "packages/outbox-core",
      "link": true
    },
    "node_modules/@spmt/platform-data-core": {
      "resolved": "packages/platform-data-core",
      "link": true
    },
    "node_modules/@spmt/platform-data-sqlite": {
      "resolved": "packages/platform-data-sqlite",
      "link": true
    },
    "node_modules/@spmt/platform-ops": {
      "resolved": "packages/platform-ops",
      "link": true
    },
    "node_modules/@spmt/provider-grants-core": {
      "resolved": "packages/provider-grants-core",
      "link": true
    },
    "node_modules/@spmt/recovery-core": {
      "resolved": "packages/recovery-core",
      "link": true
    },
    "node_modules/@spmt/reference-app": {
      "resolved": "apps/reference-app",
      "link": true
    },
    "node_modules/@spmt/runtime": {
      "resolved": "packages/runtime",
      "link": true
    },
    "node_modules/@spmt/sdk": {
      "resolved": "packages/sdk",
      "link": true
    },
    "node_modules/@spmt/service": {
      "resolved": "apps/spmt-service",
      "link": true
    },
    "node_modules/@spmt/spacemountain": {
      "resolved": "apps/spacemountain",
      "link": true
    },
    "node_modules/@spmt/spacemountain-web": {
      "resolved": "apps/spacemountain-web",
      "link": true
    },
    "node_modules/@spmt/stellar-core": {
      "resolved": "apps/stellar-core",
      "link": true
    },
    "node_modules/@spmt/streamweaver": {
      "resolved": "apps/streamweaver",
      "link": true
    },
    "node_modules/@spmt/ui": {
      "resolved": "packages/ui",
      "link": true
    },
    "node_modules/@types/node": {
      "version": "22.20.1",
      "resolved": "https://registry.npmjs.org/@types/node/-/node-22.20.1.tgz",
      "integrity": "sha512-EANqOCF9QFyra+4pfxUcX9STKJpCLjMbObVzljIJomAWSnuSIEAvyzEU53GaajbXJEgdh0iEcPL+DGvpUd4k1Q==",
      "dev": true,
      "license": "MIT",
      "dependencies": {
        "undici-types": "~6.21.0"
      }
    },
    "node_modules/typescript": {
      "version": "5.9.3",
      "resolved": "https://registry.npmjs.org/typescript/-/typescript-5.9.3.tgz",
      "integrity": "sha512-jl1vZzPDinLr9eUt3J/t7V6FgNEw9QjvBPdysz9KfQDD41fQrC2Y4vKQdiaUpFT4bXlb1RHhLpp8wtm6M5TgSw==",
      "dev": true,
      "license": "Apache-2.0",
      "bin": {
        "tsc": "bin/tsc",
        "tsserver": "bin/tsserver"
      },
      "engines": {
        "node": ">=14.17"
      }
    },
    "node_modules/undici-types": {
      "version": "6.21.0",
      "resolved": "https://registry.npmjs.org/undici-types/-/undici-types-6.21.0.tgz",
      "integrity": "sha512-iwDZqg0QAGrg9Rav5H4n0M64c3mkR59cJ6wQp+7C4nI0gsmExaedaYLNO44eT4AtBBwjbTiGPMlt2Md0T9H9JQ==",
      "dev": true,
      "license": "MIT"
    },
    "packages/account-recovery-core": {
      "name": "@spmt/account-recovery-core",
      "version": "0.1.0",
      "dependencies": {
        "@spmt/auth-core": "0.1.0",
        "@spmt/authority-core": "0.2.0",
        "@spmt/control-core": "0.1.0",
        "@spmt/platform-data-core": "0.1.0"
      }
    },
    "packages/api-adapter": {
      "name": "@spmt/api-adapter",
      "version": "0.3.0",
      "dependencies": {
        "@spmt/contracts": "0.1.0",
        "@spmt/control-core": "0.1.0",
        "@spmt/platform-ops": "0.3.0"
      }
    },
    "packages/app-foundation": {
      "name": "@spmt/app-foundation",
      "version": "0.1.0",
      "dependencies": {
        "@spmt/contracts": "0.1.0"
      }
    },
    "packages/auth-core": {
      "name": "@spmt/auth-core",
      "version": "0.1.0"
    },
    "packages/authority-core": {
      "name": "@spmt/authority-core",
      "version": "0.2.0",
      "dependencies": {
        "@spmt/contracts": "0.1.0"
      }
    },
    "packages/authority-sqlite": {
      "name": "@spmt/authority-sqlite",
      "version": "0.4.0",
      "dependencies": {
        "@spmt/auth-core": "0.1.0",
        "@spmt/authority-core": "0.2.0",
        "@spmt/contracts": "0.1.0",
        "@spmt/control-core": "0.1.0",
        "@spmt/monetization": "0.1.0",
        "@spmt/recovery-core": "0.1.0"
      }
    },
    "packages/cli": {
      "name": "@spmt/cli",
      "version": "0.1.0",
      "dependencies": {
        "@spmt/contracts": "0.1.0",
        "@spmt/sdk": "0.1.0"
      }
    },
    "packages/commlink-core": {
      "name": "@spmt/commlink-core",
      "version": "0.1.0",
      "dependencies": {
        "@spmt/contracts": "0.1.0",
        "@spmt/sdk": "0.1.0"
      }
    },
    "packages/contracts": {
      "name": "@spmt/contracts",
      "version": "0.1.0"
    },
    "packages/control-core": {
      "name": "@spmt/control-core",
      "version": "0.1.0",
      "dependencies": {
        "@spmt/contracts": "0.1.0"
      }
    },
    "packages/embed": {
      "name": "@spmt/embed",
      "version": "0.1.0",
      "dependencies": {
        "@spmt/contracts": "0.1.0"
      }
    },
    "packages/execution-core": {
      "name": "@spmt/execution-core",
      "version": "0.1.0",
      "dependencies": {
        "@spmt/contracts": "0.1.0",
        "@spmt/monetization": "0.1.0"
      }
    },
    "packages/mcp": {
      "name": "@spmt/mcp",
      "version": "0.3.0",
      "dependencies": {
        "@spmt/account-recovery-core": "0.1.0",
        "@spmt/contracts": "0.1.0",
        "@spmt/platform-ops": "0.3.0"
      }
    },
    "packages/monetization": {
      "name": "@spmt/monetization",
      "version": "0.1.0",
      "dependencies": {
        "@spmt/contracts": "0.1.0"
      }
    },
    "packages/outbox-core": {
      "name": "@spmt/outbox-core",
      "version": "0.1.0",
      "dependencies": {
        "@spmt/authority-core": "0.2.0"
      }
    },
    "packages/platform-data-core": {
      "name": "@spmt/platform-data-core",
      "version": "0.1.0",
      "dependencies": {
        "@spmt/auth-core": "0.1.0",
        "@spmt/contracts": "0.1.0"
      }
    },
    "packages/platform-data-sqlite": {
      "name": "@spmt/platform-data-sqlite",
      "version": "0.1.0",
      "dependencies": {
        "@spmt/contracts": "0.1.0",
        "@spmt/execution-core": "0.1.0",
        "@spmt/platform-data-core": "0.1.0"
      }
    },
    "packages/platform-ops": {
      "name": "@spmt/platform-ops",
      "version": "0.3.0",
      "dependencies": {
        "@spmt/auth-core": "0.1.0",
        "@spmt/authority-core": "0.2.0",
        "@spmt/contracts": "0.1.0",
        "@spmt/control-core": "0.1.0",
        "@spmt/execution-core": "0.1.0",
        "@spmt/platform-data-core": "0.1.0"
      }
    },
    "packages/provider-grants-core": {
      "name": "@spmt/provider-grants-core",
      "version": "0.1.0",
      "dependencies": {
        "@spmt/contracts": "0.1.0"
      }
    },
    "packages/recovery-core": {
      "name": "@spmt/recovery-core",
      "version": "0.1.0"
    },
    "packages/runtime": {
      "name": "@spmt/runtime",
      "version": "0.1.0",
      "dependencies": {
        "@spmt/contracts": "0.1.0"
      }
    },
    "packages/sdk": {
      "name": "@spmt/sdk",
      "version": "0.1.0",
      "dependencies": {
        "@spmt/authority-core": "0.2.0",
        "@spmt/contracts": "0.1.0"
      }
    },
    "packages/ui": {
      "name": "@spmt/ui",
      "version": "0.1.0",
      "dependencies": {
        "@spmt/contracts": "0.1.0",
        "@spmt/embed": "0.1.0"
      }
    }
  }
}
