{
  "version": "v3.1-repaired",
  "archive": "Athena_Stella_Agent_Package_v3.zip",
  "sha256": "642bd1c942c4fbeaf6e56cdd5bfc6da7211ef17dab037a9214451160f02fdd84",
  "archive_root": "package",
  "personas": ["athena", "stella"],
  "provider": "openai",
  "interface": "chatgpt",
  "registry": "runtime/tool_registry.json",
  "training": "training",
  "status": "prepared-data-not-trained-models"
}
